{
  "name": "miniprogram-ts-less-quickstart",
  "version": "1.0.0",
  "lockfileVersion": 3,
  "requires": true,
  "packages": {
    "": {
      "name": "miniprogram-ts-less-quickstart",
      "version": "1.0.0",
      "dependencies": {
        "crypto-js": "^4.1.1"
      },
      "devDependencies": {
        "@types/crypto-js": "^4.1.1",
        "miniprogram-api-typings": "^3.9.1"
      }
    },
    "node_modules/@types/crypto-js": {
      "version": "4.1.1",
      "resolved": "https://registry.npmjs.org/@types/crypto-js/-/crypto-js-4.1.1.tgz",
      "integrity": "sha512-BG7fQKZ689HIoc5h+6D2Dgq1fABRa0RbBWKBd9SP/MVRVXROflpm5fhwyATX5duFmbStzyzyycPB8qUYKDH3NA==",
      "dev": true
    },
    "node_modules/crypto-js": {
      "version": "4.1.1",
      "resolved": "https://registry.npmjs.org/crypto-js/-/crypto-js-4.1.1.tgz",
      "integrity": "sha512-o2JlM7ydqd3Qk9CA0L4NL6mTzU2sdx96a+oOfPu8Mkl/PK51vSyoi8/rQ8NknZtk44vq15lmhAj9CIAGwgeWKw=="
    },
    "node_modules/miniprogram-api-typings": {
      "version": "3.9.1",
      "resolved": "https://registry.npmjs.org/miniprogram-api-typings/-/miniprogram-api-typings-3.9.1.tgz",
      "integrity": "sha512-oyratzOWyuFhBzONp06l0FBPu03ltCd1sRWoy2v38SnAKxtpZ8ySLTSEw//hIsBdocMda7fFZEjOG57L57mcUw==",
      "dev": true
    }
  }
}
